// !$*UTF8*$!
{
	archiveVersion = 1;
	classes = {
	};
	objectVersion = 50;
	objects = {

/* Begin PBXBuildFile section */
		D243D2BF20AC8D190086CAFD /* Draco.swift in Sources */ = {isa = PBXBuildFile; fileRef = D243D2BE20AC8D190086CAFD /* Draco.swift */; };
		D243D2D820AC91B80086CAFD /* Draco.swift in Sources */ = {isa = PBXBuildFile; fileRef = D243D2BE20AC8D190086CAFD /* Draco.swift */; };
		D243D2DA20AC921B0086CAFD /* Draco.h in Headers */ = {isa = PBXBuildFile; fileRef = D243D2D920AC921B0086CAFD /* Draco.h */; settings = {ATTRIBUTES = (Public, ); }; };
		D243D2DB20AC921B0086CAFD /* Draco.h in Headers */ = {isa = PBXBuildFile; fileRef = D243D2D920AC921B0086CAFD /* Draco.h */; settings = {ATTRIBUTES = (Public, ); }; };
		D243D2DD20AC925B0086CAFD /* libdraco.a in Frameworks */ = {isa = PBXBuildFile; fileRef = D243D2DC20AC925B0086CAFD /* libdraco.a */; };
		D243D2DF20AC92600086CAFD /* libdraco_ios.a in Frameworks */ = {isa = PBXBuildFile; fileRef = D243D2DE20AC92600086CAFD /* libdraco_ios.a */; };
/* End PBXBuildFile section */

/* Begin PBXFileReference section */
		D243D2B120AC8A370086CAFD /* Draco.framework */ = {isa = PBXFileReference; explicitFileType = wrapper.framework; includeInIndex = 0; path = Draco.framework; sourceTree = BUILT_PRODUCTS_DIR; };
		D243D2B520AC8A370086CAFD /* Info.plist */ = {isa = PBXFileReference; lastKnownFileType = text.plist.xml; path = Info.plist; sourceTree = "<group>"; };
		D243D2BE20AC8D190086CAFD /* Draco.swift */ = {isa = PBXFileReference; lastKnownFileType = sourcecode.swift; path = Draco.swift; sourceTree = "<group>"; };
		D243D2CD20AC91390086CAFD /* Draco.framework */ = {isa = PBXFileReference; explicitFileType = wrapper.framework; includeInIndex = 0; path = Draco.framework; sourceTree = BUILT_PRODUCTS_DIR; };
		D243D2D020AC91390086CAFD /* Info.plist */ = {isa = PBXFileReference; lastKnownFileType = text.plist.xml; path = Info.plist; sourceTree = "<group>"; };
		D243D2D920AC921B0086CAFD /* Draco.h */ = {isa = PBXFileReference; fileEncoding = 4; lastKnownFileType = sourcecode.c.h; path = Draco.h; sourceTree = SOURCE_ROOT; };
		D243D2DC20AC925B0086CAFD /* libdraco.a */ = {isa = PBXFileReference; lastKnownFileType = archive.ar; path = libdraco.a; sourceTree = "<group>"; };
		D243D2DE20AC92600086CAFD /* libdraco_ios.a */ = {isa = PBXFileReference; lastKnownFileType = archive.ar; path = libdraco_ios.a; sourceTree = "<group>"; };
/* End PBXFileReference section */

/* Begin PBXFrameworksBuildPhase section */
		D243D2AD20AC8A370086CAFD /* Frameworks */ = {
			isa = PBXFrameworksBuildPhase;
			buildActionMask = 2147483647;
			files = (
				D243D2DD20AC925B0086CAFD /* libdraco.a in Frameworks */,
			);
			runOnlyForDeploymentPostprocessing = 0;
		};
		D243D2C920AC91390086CAFD /* Frameworks */ = {
			isa = PBXFrameworksBuildPhase;
			buildActionMask = 2147483647;
			files = (
				D243D2DF20AC92600086CAFD /* libdraco_ios.a in Frameworks */,
			);
			runOnlyForDeploymentPostprocessing = 0;
		};
/* End PBXFrameworksBuildPhase section */

/* Begin PBXGroup section */
		D243D2A720AC8A370086CAFD = {
			isa = PBXGroup;
			children = (
				D243D2B320AC8A370086CAFD /* Draco */,
				D243D2CE20AC91390086CAFD /* Draco iOS */,
				D243D2B220AC8A370086CAFD /* Products */,
				D243D2C420AC8E7E0086CAFD /* Frameworks */,
			);
			sourceTree = "<group>";
		};
		D243D2B220AC8A370086CAFD /* Products */ = {
			isa = PBXGroup;
			children = (
				D243D2B120AC8A370086CAFD /* Draco.framework */,
				D243D2CD20AC91390086CAFD /* Draco.framework */,
			);
			name = Products;
			sourceTree = "<group>";
		};
		D243D2B320AC8A370086CAFD /* Draco */ = {
			isa = PBXGroup;
			children = (
				D243D2D920AC921B0086CAFD /* Draco.h */,
				D243D2B520AC8A370086CAFD /* Info.plist */,
				D243D2BE20AC8D190086CAFD /* Draco.swift */,
			);
			path = Draco;
			sourceTree = "<group>";
		};
		D243D2C420AC8E7E0086CAFD /* Frameworks */ = {
			isa = PBXGroup;
			children = (
				D243D2DE20AC92600086CAFD /* libdraco_ios.a */,
				D243D2DC20AC925B0086CAFD /* libdraco.a */,
			);
			name = Frameworks;
			sourceTree = "<group>";
		};
		D243D2CE20AC91390086CAFD /* Draco iOS */ = {
			isa = PBXGroup;
			children = (
				D243D2D020AC91390086CAFD /* Info.plist */,
			);
			path = "Draco iOS";
			sourceTree = "<group>";
		};
/* End PBXGroup section */

/* Begin PBXHeadersBuildPhase section */
		D243D2AE20AC8A370086CAFD /* Headers */ = {
			isa = PBXHeadersBuildPhase;
			buildActionMask = 2147483647;
			files = (
				D243D2DA20AC921B0086CAFD /* Draco.h in Headers */,
			);
			runOnlyForDeploymentPostprocessing = 0;
		};
		D243D2CA20AC91390086CAFD /* Headers */ = {
			isa = PBXHeadersBuildPhase;
			buildActionMask = 2147483647;
			files = (
				D243D2DB20AC921B0086CAFD /* Draco.h in Headers */,
			);
			runOnlyForDeploymentPostprocessing = 0;
		};
/* End PBXHeadersBuildPhase section */

/* Begin PBXNativeTarget section */
		D243D2B020AC8A370086CAFD /* Draco */ = {
			isa = PBXNativeTarget;
			buildConfigurationList = D243D2B920AC8A370086CAFD /* Build configuration list for PBXNativeTarget "Draco" */;
			buildPhases = (
				D243D2AC20AC8A370086CAFD /* Sources */,
				D243D2AD20AC8A370086CAFD /* Frameworks */,
				D243D2AE20AC8A370086CAFD /* Headers */,
				D243D2AF20AC8A370086CAFD /* Resources */,
			);
			buildRules = (
			);
			dependencies = (
			);
			name = Draco;
			productName = Draco;
			productReference = D243D2B120AC8A370086CAFD /* Draco.framework */;
			productType = "com.apple.product-type.framework";
		};
		D243D2CC20AC91390086CAFD /* Draco iOS */ = {
			isa = PBXNativeTarget;
			buildConfigurationList = D243D2D220AC91390086CAFD /* Build configuration list for PBXNativeTarget "Draco iOS" */;
			buildPhases = (
				D243D2C820AC91390086CAFD /* Sources */,
				D243D2C920AC91390086CAFD /* Frameworks */,
				D243D2CA20AC91390086CAFD /* Headers */,
				D243D2CB20AC91390086CAFD /* Resources */,
			);
			buildRules = (
			);
			dependencies = (
			);
			name = "Draco iOS";
			productName = "Draco iOS";
			productReference = D243D2CD20AC91390086CAFD /* Draco.framework */;
			productType = "com.apple.product-type.framework";
		};
/* End PBXNativeTarget section */

/* Begin PBXProject section */
		D243D2A820AC8A370086CAFD /* Project object */ = {
			isa = PBXProject;
			attributes = {
				LastUpgradeCheck = 0930;
				ORGANIZATIONNAME = "3D4Medical LLC";
				TargetAttributes = {
					D243D2B020AC8A370086CAFD = {
						CreatedOnToolsVersion = 9.3.1;
						LastSwiftMigration = 0930;
					};
					D243D2CC20AC91390086CAFD = {
						CreatedOnToolsVersion = 9.3.1;
					};
				};
			};
			buildConfigurationList = D243D2AB20AC8A370086CAFD /* Build configuration list for PBXProject "Draco" */;
			compatibilityVersion = "Xcode 9.3";
			developmentRegion = en;
			hasScannedForEncodings = 0;
			knownRegions = (
				en,
			);
			mainGroup = D243D2A720AC8A370086CAFD;
			productRefGroup = D243D2B220AC8A370086CAFD /* Products */;
			projectDirPath = "";
			projectRoot = "";
			targets = (
				D243D2B020AC8A370086CAFD /* Draco */,
				D243D2CC20AC91390086CAFD /* Draco iOS */,
			);
		};
/* End PBXProject section */

/* Begin PBXResourcesBuildPhase section */
		D243D2AF20AC8A370086CAFD /* Resources */ = {
			isa = PBXResourcesBuildPhase;
			buildActionMask = 2147483647;
			files = (
			);
			runOnlyForDeploymentPostprocessing = 0;
		};
		D243D2CB20AC91390086CAFD /* Resources */ = {
			isa = PBXResourcesBuildPhase;
			buildActionMask = 2147483647;
			files = (
			);
			runOnlyForDeploymentPostprocessing = 0;
		};
/* End PBXResourcesBuildPhase section */

/* Begin PBXSourcesBuildPhase section */
		D243D2AC20AC8A370086CAFD /* Sources */ = {
			isa = PBXSourcesBuildPhase;
			buildActionMask = 2147483647;
			files = (
				D243D2BF20AC8D190086CAFD /* Draco.swift in Sources */,
			);
			runOnlyForDeploymentPostprocessing = 0;
		};
		D243D2C820AC91390086CAFD /* Sources */ = {
			isa = PBXSourcesBuildPhase;
			buildActionMask = 2147483647;
			files = (
				D243D2D820AC91B80086CAFD /* Draco.swift in Sources */,
			);
			runOnlyForDeploymentPostprocessing = 0;
		};
/* End PBXSourcesBuildPhase section */

/* Begin XCBuildConfiguration section */
		D243D2B720AC8A370086CAFD /* Debug */ = {
			isa = XCBuildConfiguration;
			buildSettings = {
				ALWAYS_SEARCH_USER_PATHS = NO;
				CLANG_ANALYZER_NONNULL = YES;
				CLANG_ANALYZER_NUMBER_OBJECT_CONVERSION = YES_AGGRESSIVE;
				CLANG_CXX_LANGUAGE_STANDARD = "gnu++14";
				CLANG_CXX_LIBRARY = "libc++";
				CLANG_ENABLE_MODULES = YES;
				CLANG_ENABLE_OBJC_ARC = YES;
				CLANG_ENABLE_OBJC_WEAK = YES;
				CLANG_WARN_BLOCK_CAPTURE_AUTORELEASING = YES;
				CLANG_WARN_BOOL_CONVERSION = YES;
				CLANG_WARN_COMMA = YES;
				CLANG_WARN_CONSTANT_CONVERSION = YES;
				CLANG_WARN_DEPRECATED_OBJC_IMPLEMENTATIONS = YES;
				CLANG_WARN_DIRECT_OBJC_ISA_USAGE = YES_ERROR;
				CLANG_WARN_DOCUMENTATION_COMMENTS = YES;
				CLANG_WARN_EMPTY_BODY = YES;
				CLANG_WARN_ENUM_CONVERSION = YES;
				CLANG_WARN_INFINITE_RECURSION = YES;
				CLANG_WARN_INT_CONVERSION = YES;
				CLANG_WARN_NON_LITERAL_NULL_CONVERSION = YES;
				CLANG_WARN_OBJC_IMPLICIT_RETAIN_SELF = YES;
				CLANG_WARN_OBJC_LITERAL_CONVERSION = YES;
				CLANG_WARN_OBJC_ROOT_CLASS = YES_ERROR;
				CLANG_WARN_RANGE_LOOP_ANALYSIS = YES;
				CLANG_WARN_STRICT_PROTOTYPES = YES;
				CLANG_WARN_SUSPICIOUS_MOVE = YES;
				CLANG_WARN_UNGUARDED_AVAILABILITY = YES_AGGRESSIVE;
				CLANG_WARN_UNREACHABLE_CODE = YES;
				CLANG_WARN__DUPLICATE_METHOD_MATCH = YES;
				CODE_SIGN_IDENTITY = "Mac Developer";
				COPY_PHASE_STRIP = NO;
				CURRENT_PROJECT_VERSION = 1;
				DEBUG_INFORMATION_FORMAT = dwarf;
				ENABLE_STRICT_OBJC_MSGSEND = YES;
				ENABLE_TESTABILITY = YES;
				GCC_C_LANGUAGE_STANDARD = gnu11;
				GCC_DYNAMIC_NO_PIC = NO;
				GCC_NO_COMMON_BLOCKS = YES;
				GCC_OPTIMIZATION_LEVEL = 0;
				GCC_PREPROCESSOR_DEFINITIONS = (
					"DEBUG=1",
					"$(inherited)",
				);
				GCC_WARN_64_TO_32_BIT_CONVERSION = YES;
				GCC_WARN_ABOUT_RETURN_TYPE = YES_ERROR;
				GCC_WARN_UNDECLARED_SELECTOR = YES;
				GCC_WARN_UNINITIALIZED_AUTOS = YES_AGGRESSIVE;
				GCC_WARN_UNUSED_FUNCTION = YES;
				GCC_WARN_UNUSED_VARIABLE = YES;
				MACOSX_DEPLOYMENT_TARGET = 10.13;
				MTL_ENABLE_DEBUG_INFO = YES;
				ONLY_ACTIVE_ARCH = YES;
				SDKROOT = macosx;
				SWIFT_ACTIVE_COMPILATION_CONDITIONS = DEBUG;
				SWIFT_OPTIMIZATION_LEVEL = "-Onone";
				VERSIONING_SYSTEM = "apple-generic";
				VERSION_INFO_PREFIX = "";
			};
			name = Debug;
		};
		D243D2B820AC8A370086CAFD /* Release */ = {
			isa = XCBuildConfiguration;
			buildSettings = {
				ALWAYS_SEARCH_USER_PATHS = NO;
				CLANG_ANALYZER_NONNULL = YES;
				CLANG_ANALYZER_NUMBER_OBJECT_CONVERSION = YES_AGGRESSIVE;
				CLANG_CXX_LANGUAGE_STANDARD = "gnu++14";
				CLANG_CXX_LIBRARY = "libc++";
				CLANG_ENABLE_MODULES = YES;
				CLANG_ENABLE_OBJC_ARC = YES;
				CLANG_ENABLE_OBJC_WEAK = YES;
				CLANG_WARN_BLOCK_CAPTURE_AUTORELEASING = YES;
				CLANG_WARN_BOOL_CONVERSION = YES;
				CLANG_WARN_COMMA = YES;
				CLANG_WARN_CONSTANT_CONVERSION = YES;
				CLANG_WARN_DEPRECATED_OBJC_IMPLEMENTATIONS = YES;
				CLANG_WARN_DIRECT_OBJC_ISA_USAGE = YES_ERROR;
				CLANG_WARN_DOCUMENTATION_COMMENTS = YES;
				CLANG_WARN_EMPTY_BODY = YES;
				CLANG_WARN_ENUM_CONVERSION = YES;
				CLANG_WARN_INFINITE_RECURSION = YES;
				CLANG_WARN_INT_CONVERSION = YES;
				CLANG_WARN_NON_LITERAL_NULL_CONVERSION = YES;
				CLANG_WARN_OBJC_IMPLICIT_RETAIN_SELF = YES;
				CLANG_WARN_OBJC_LITERAL_CONVERSION = YES;
				CLANG_WARN_OBJC_ROOT_CLASS = YES_ERROR;
				CLANG_WARN_RANGE_LOOP_ANALYSIS = YES;
				CLANG_WARN_STRICT_PROTOTYPES = YES;
				CLANG_WARN_SUSPICIOUS_MOVE = YES;
				CLANG_WARN_UNGUARDED_AVAILABILITY = YES_AGGRESSIVE;
				CLANG_WARN_UNREACHABLE_CODE = YES;
				CLANG_WARN__DUPLICATE_METHOD_MATCH = YES;
				CODE_SIGN_IDENTITY = "Mac Developer";
				COPY_PHASE_STRIP = NO;
				CURRENT_PROJECT_VERSION = 1;
				DEBUG_INFORMATION_FORMAT = "dwarf-with-dsym";
				ENABLE_NS_ASSERTIONS = NO;
				ENABLE_STRICT_OBJC_MSGSEND = YES;
				GCC_C_LANGUAGE_STANDARD = gnu11;
				GCC_NO_COMMON_BLOCKS = YES;
				GCC_WARN_64_TO_32_BIT_CONVERSION = YES;
				GCC_WARN_ABOUT_RETURN_TYPE = YES_ERROR;
				GCC_WARN_UNDECLARED_SELECTOR = YES;
				GCC_WARN_UNINITIALIZED_AUTOS = YES_AGGRESSIVE;
				GCC_WARN_UNUSED_FUNCTION = YES;
				GCC_WARN_UNUSED_VARIABLE = YES;
				MACOSX_DEPLOYMENT_TARGET = 10.13;
				MTL_ENABLE_DEBUG_INFO = NO;
				SDKROOT = macosx;
				SWIFT_COMPILATION_MODE = wholemodule;
				SWIFT_OPTIMIZATION_LEVEL = "-O";
				VERSIONING_SYSTEM = "apple-generic";
				VERSION_INFO_PREFIX = "";
			};
			name = Release;
		};
		D243D2BA20AC8A370086CAFD /* Debug */ = {
			isa = XCBuildConfiguration;
			buildSettings = {
				CLANG_ENABLE_MODULES = YES;
				CODE_SIGN_IDENTITY = "";
				CODE_SIGN_STYLE = Automatic;
				COMBINE_HIDPI_IMAGES = YES;
				DEFINES_MODULE = YES;
				DEVELOPMENT_TEAM = 4EWJ52878E;
				DYLIB_COMPATIBILITY_VERSION = 1;
				DYLIB_CURRENT_VERSION = 1;
				DYLIB_INSTALL_NAME_BASE = "@rpath";
				FRAMEWORK_VERSION = A;
				INFOPLIST_FILE = Draco/Info.plist;
				INSTALL_PATH = "$(LOCAL_LIBRARY_DIR)/Frameworks";
				LD_RUNPATH_SEARCH_PATHS = (
					"$(inherited)",
					"@executable_path/../Frameworks",
					"@loader_path/Frameworks",
				);
				LIBRARY_SEARCH_PATHS = "$(PROJECT_DIR)";
				MACH_O_TYPE = mh_dylib;
				MACOSX_DEPLOYMENT_TARGET = 10.11;
				OTHER_LDFLAGS = "-lc++";
				PRODUCT_BUNDLE_IDENTIFIER = org.draco;
				PRODUCT_NAME = "$(TARGET_NAME:c99extidentifier)";
				SKIP_INSTALL = YES;
				SWIFT_OPTIMIZATION_LEVEL = "-Onone";
				SWIFT_VERSION = 4.0;
				VALID_ARCHS = x86_64;
			};
			name = Debug;
		};
		D243D2BB20AC8A370086CAFD /* Release */ = {
			isa = XCBuildConfiguration;
			buildSettings = {
				CLANG_ENABLE_MODULES = YES;
				CODE_SIGN_IDENTITY = "";
				CODE_SIGN_STYLE = Automatic;
				COMBINE_HIDPI_IMAGES = YES;
				DEFINES_MODULE = YES;
				DEVELOPMENT_TEAM = 4EWJ52878E;
				DYLIB_COMPATIBILITY_VERSION = 1;
				DYLIB_CURRENT_VERSION = 1;
				DYLIB_INSTALL_NAME_BASE = "@rpath";
				FRAMEWORK_VERSION = A;
				INFOPLIST_FILE = Draco/Info.plist;
				INSTALL_PATH = "$(LOCAL_LIBRARY_DIR)/Frameworks";
				LD_RUNPATH_SEARCH_PATHS = (
					"$(inherited)",
					"@executable_path/../Frameworks",
					"@loader_path/Frameworks",
				);
				LIBRARY_SEARCH_PATHS = "$(PROJECT_DIR)";
				MACH_O_TYPE = mh_dylib;
				MACOSX_DEPLOYMENT_TARGET = 10.11;
				OTHER_LDFLAGS = "-lc++";
				PRODUCT_BUNDLE_IDENTIFIER = org.draco;
				PRODUCT_NAME = "$(TARGET_NAME:c99extidentifier)";
				SKIP_INSTALL = YES;
				SWIFT_VERSION = 4.0;
				VALID_ARCHS = x86_64;
			};
			name = Release;
		};
		D243D2D320AC91390086CAFD /* Debug */ = {
			isa = XCBuildConfiguration;
			buildSettings = {
				CODE_SIGN_IDENTITY = "iPhone Developer";
				CODE_SIGN_STYLE = Automatic;
				DEFINES_MODULE = YES;
				DEVELOPMENT_TEAM = DHKZ7WR43P;
				DYLIB_COMPATIBILITY_VERSION = 1;
				DYLIB_CURRENT_VERSION = 1;
				DYLIB_INSTALL_NAME_BASE = "@rpath";
				INFOPLIST_FILE = "Draco iOS/Info.plist";
				INSTALL_PATH = "$(LOCAL_LIBRARY_DIR)/Frameworks";
				IPHONEOS_DEPLOYMENT_TARGET = 10.0;
				LD_RUNPATH_SEARCH_PATHS = (
					"$(inherited)",
					"@executable_path/Frameworks",
					"@loader_path/Frameworks",
				);
				LIBRARY_SEARCH_PATHS = "$(PROJECT_DIR)";
				OTHER_LDFLAGS = "-lc++";
				PRODUCT_BUNDLE_IDENTIFIER = org.draco;
				PRODUCT_NAME = Draco;
				SDKROOT = iphoneos;
				SKIP_INSTALL = YES;
				SWIFT_VERSION = 4.0;
				TARGETED_DEVICE_FAMILY = "1,2";
				VALID_ARCHS = arm64;
			};
			name = Debug;
		};
		D243D2D420AC91390086CAFD /* Release */ = {
			isa = XCBuildConfiguration;
			buildSettings = {
				CODE_SIGN_IDENTITY = "iPhone Developer";
				CODE_SIGN_STYLE = Automatic;
				DEFINES_MODULE = YES;
				DEVELOPMENT_TEAM = DHKZ7WR43P;
				DYLIB_COMPATIBILITY_VERSION = 1;
				DYLIB_CURRENT_VERSION = 1;
				DYLIB_INSTALL_NAME_BASE = "@rpath";
				INFOPLIST_FILE = "Draco iOS/Info.plist";
				INSTALL_PATH = "$(LOCAL_LIBRARY_DIR)/Frameworks";
				IPHONEOS_DEPLOYMENT_TARGET = 10.0;
				LD_RUNPATH_SEARCH_PATHS = (
					"$(inherited)",
					"@executable_path/Frameworks",
					"@loader_path/Frameworks",
				);
				LIBRARY_SEARCH_PATHS = "$(PROJECT_DIR)";
				OTHER_LDFLAGS = "-lc++";
				PRODUCT_BUNDLE_IDENTIFIER = org.draco;
				PRODUCT_NAME = Draco;
				SDKROOT = iphoneos;
				SKIP_INSTALL = YES;
				SWIFT_VERSION = 4.0;
				TARGETED_DEVICE_FAMILY = "1,2";
				VALIDATE_PRODUCT = YES;
				VALID_ARCHS = arm64;
			};
			name = Release;
		};
/* End XCBuildConfiguration section */

/* Begin XCConfigurationList section */
		D243D2AB20AC8A370086CAFD /* Build configuration list for PBXProject "Draco" */ = {
			isa = XCConfigurationList;
			buildConfigurations = (
				D243D2B720AC8A370086CAFD /* Debug */,
				D243D2B820AC8A370086CAFD /* Release */,
			);
			defaultConfigurationIsVisible = 0;
			defaultConfigurationName = Release;
		};
		D243D2B920AC8A370086CAFD /* Build configuration list for PBXNativeTarget "Draco" */ = {
			isa = XCConfigurationList;
			buildConfigurations = (
				D243D2BA20AC8A370086CAFD /* Debug */,
				D243D2BB20AC8A370086CAFD /* Release */,
			);
			defaultConfigurationIsVisible = 0;
			defaultConfigurationName = Release;
		};
		D243D2D220AC91390086CAFD /* Build configuration list for PBXNativeTarget "Draco iOS" */ = {
			isa = XCConfigurationList;
			buildConfigurations = (
				D243D2D320AC91390086CAFD /* Debug */,
				D243D2D420AC91390086CAFD /* Release */,
			);
			defaultConfigurationIsVisible = 0;
			defaultConfigurationName = Release;
		};
/* End XCConfigurationList section */
	};
	rootObject = D243D2A820AC8A370086CAFD /* Project object */;
}
